
Microsoft Visual Studio Solution File, Format Version 12.00
# Visual Studio Version 17
VisualStudioVersion = 17.8.34112.27
MinimumVisualStudioVersion = 10.0.40219.1
Project("{FAE04EC0-301F-11D3-BF4B-00C04F79EFBC}") = "RabbitQM.Helper", "RabbitQM.Helper.csproj", "{1C9EBD8A-F704-47E2-A938-C3DEAC7AA273}"
EndProject
Global
	GlobalSection(SolutionConfigurationPlatforms) = preSolution
		Debug|Any CPU = Debug|Any CPU
		Release|Any CPU = Release|Any CPU
	EndGlobalSection
	GlobalSection(ProjectConfigurationPlatforms) = postSolution
		{1C9EBD8A-F704-47E2-A938-C3DEAC7AA273}.Debug|Any CPU.ActiveCfg = Debug|Any CPU
		{1C9EBD8A-F704-47E2-A938-C3DEAC7AA273}.Debug|Any CPU.Build.0 = Debug|Any CPU
		{1C9EBD8A-F704-47E2-A938-C3DEAC7AA273}.Release|Any CPU.ActiveCfg = Release|Any CPU
		{1C9EBD8A-F704-47E2-A938-C3DEAC7AA273}.Release|Any CPU.Build.0 = Release|Any CPU
	EndGlobalSection
	GlobalSection(SolutionProperties) = preSolution
		HideSolutionNode = FALSE
	EndGlobalSection
	GlobalSection(ExtensibilityGlobals) = postSolution
		SolutionGuid = {F9C9432E-F201-482F-8A4D-F436F0D62B18}
	EndGlobalSection
EndGlobal
